
Microsoft Visual Studio Solution File, Format Version 12.00
# Visual Studio 14
VisualStudioVersion = 14.0.25420.1
MinimumVisualStudioVersion = 10.0.40219.1
Project("{8BC9CEB8-8B4A-11D0-8D11-00A0C91BC942}") = "lifeEngine", "lifeEngine\lifeEngine.vcxproj", "{99A085E8-0B27-4B78-A6D3-8FA914A0685E}"
	ProjectSection(ProjectDependencies) = postProject
		{AB4E3508-031B-379B-ACA1-D19D0E7AD17B} = {AB4E3508-031B-379B-ACA1-D19D0E7AD17B}
		{664E6F0D-6784-4760-9565-D54F8EB1EDF4} = {664E6F0D-6784-4760-9565-D54F8EB1EDF4}
		{39163E21-D147-32A6-948B-5002B8B569B8} = {39163E21-D147-32A6-948B-5002B8B569B8}
		{E45A7A2F-CA57-3412-93E6-802CF006C8AA} = {E45A7A2F-CA57-3412-93E6-802CF006C8AA}
		{B2BFDB55-D040-373C-9336-BE620413A48F} = {B2BFDB55-D040-373C-9336-BE620413A48F}
		{936C5B6A-3A89-35CB-B8D5-DF65B1E4753C} = {936C5B6A-3A89-35CB-B8D5-DF65B1E4753C}
		{F83A04F7-EAA5-4D73-A1F5-A4D8ABEA6155} = {F83A04F7-EAA5-4D73-A1F5-A4D8ABEA6155}
		{D05A5DF8-8476-31EA-8789-99BACB75BBE1} = {D05A5DF8-8476-31EA-8789-99BACB75BBE1}
	EndProjectSection
EndProject
Project("{8BC9CEB8-8B4A-11D0-8D11-00A0C91BC942}") = "lifeEngine_TestBed", "testBed\lifeEngine_TestBed\lifeEngine_TestBed.vcxproj", "{CA90689E-4EF7-4703-A7EE-B0C81A164A24}"
EndProject
Project("{2150E333-8FDC-42A3-9474-1A3956D46DE8}") = "SFML", "SFML", "{628F12E8-4185-404F-AEE3-0EF6627E1FD6}"
EndProject
Project("{8BC9CEB8-8B4A-11D0-8D11-00A0C91BC942}") = "sfml-audio", "lifeEngine\Utils\SFML\src\SFML\Audio\sfml-audio.vcxproj", "{936C5B6A-3A89-35CB-B8D5-DF65B1E4753C}"
EndProject
Project("{8BC9CEB8-8B4A-11D0-8D11-00A0C91BC942}") = "sfml-graphics", "lifeEngine\Utils\SFML\src\SFML\Graphics\sfml-graphics.vcxproj", "{E45A7A2F-CA57-3412-93E6-802CF006C8AA}"
EndProject
Project("{8BC9CEB8-8B4A-11D0-8D11-00A0C91BC942}") = "sfml-main", "lifeEngine\Utils\SFML\src\SFML\Main\sfml-main.vcxproj", "{AB4E3508-031B-379B-ACA1-D19D0E7AD17B}"
EndProject
Project("{8BC9CEB8-8B4A-11D0-8D11-00A0C91BC942}") = "sfml-network", "lifeEngine\Utils\SFML\src\SFML\Network\sfml-network.vcxproj", "{0E587B18-5CBE-31C2-BBD7-38C39B3802DC}"
EndProject
Project("{8BC9CEB8-8B4A-11D0-8D11-00A0C91BC942}") = "sfml-system", "lifeEngine\Utils\SFML\src\SFML\System\sfml-system.vcxproj", "{D05A5DF8-8476-31EA-8789-99BACB75BBE1}"
EndProject
Project("{8BC9CEB8-8B4A-11D0-8D11-00A0C91BC942}") = "sfml-window", "lifeEngine\Utils\SFML\src\SFML\Window\sfml-window.vcxproj", "{B2BFDB55-D040-373C-9336-BE620413A48F}"
EndProject
Project("{2150E333-8FDC-42A3-9474-1A3956D46DE8}") = "OpenGL", "OpenGL", "{2F61CDE1-C64E-42D6-8667-902AEE23F3B0}"
EndProject
Project("{8BC9CEB8-8B4A-11D0-8D11-00A0C91BC942}") = "glew", "lifeEngine\Utils\OpenGL\glew\build\vc12\glew_static.vcxproj", "{664E6F0D-6784-4760-9565-D54F8EB1EDF4}"
EndProject
Project("{8BC9CEB8-8B4A-11D0-8D11-00A0C91BC942}") = "glm", "lifeEngine\Utils\OpenGL\glm\glm\glm_static.vcxproj", "{39163E21-D147-32A6-948B-5002B8B569B8}"
EndProject
Project("{2150E333-8FDC-42A3-9474-1A3956D46DE8}") = "Utils", "Utils", "{12DEBADA-92E7-4436-84F9-0B1AB7AEE5E1}"
EndProject
Project("{8BC9CEB8-8B4A-11D0-8D11-00A0C91BC942}") = "XML", "lifeEngine\Utils\XML\XML.vcxproj", "{F83A04F7-EAA5-4D73-A1F5-A4D8ABEA6155}"
EndProject
Global
	GlobalSection(SolutionConfigurationPlatforms) = preSolution
		Debug|x64 = Debug|x64
		Debug|x86 = Debug|x86
		Release|x64 = Release|x64
		Release|x86 = Release|x86
	EndGlobalSection
	GlobalSection(ProjectConfigurationPlatforms) = postSolution
		{99A085E8-0B27-4B78-A6D3-8FA914A0685E}.Debug|x64.ActiveCfg = Debug|x64
		{99A085E8-0B27-4B78-A6D3-8FA914A0685E}.Debug|x64.Build.0 = Debug|x64
		{99A085E8-0B27-4B78-A6D3-8FA914A0685E}.Debug|x86.ActiveCfg = Debug|Win32
		{99A085E8-0B27-4B78-A6D3-8FA914A0685E}.Debug|x86.Build.0 = Debug|Win32
		{99A085E8-0B27-4B78-A6D3-8FA914A0685E}.Release|x64.ActiveCfg = Release|x64
		{99A085E8-0B27-4B78-A6D3-8FA914A0685E}.Release|x64.Build.0 = Release|x64
		{99A085E8-0B27-4B78-A6D3-8FA914A0685E}.Release|x86.ActiveCfg = Release|Win32
		{99A085E8-0B27-4B78-A6D3-8FA914A0685E}.Release|x86.Build.0 = Release|Win32
		{CA90689E-4EF7-4703-A7EE-B0C81A164A24}.Debug|x64.ActiveCfg = Debug|x64
		{CA90689E-4EF7-4703-A7EE-B0C81A164A24}.Debug|x64.Build.0 = Debug|x64
		{CA90689E-4EF7-4703-A7EE-B0C81A164A24}.Debug|x86.ActiveCfg = Debug|Win32
		{CA90689E-4EF7-4703-A7EE-B0C81A164A24}.Debug|x86.Build.0 = Debug|Win32
		{CA90689E-4EF7-4703-A7EE-B0C81A164A24}.Release|x64.ActiveCfg = Release|x64
		{CA90689E-4EF7-4703-A7EE-B0C81A164A24}.Release|x64.Build.0 = Release|x64
		{CA90689E-4EF7-4703-A7EE-B0C81A164A24}.Release|x86.ActiveCfg = Release|Win32
		{CA90689E-4EF7-4703-A7EE-B0C81A164A24}.Release|x86.Build.0 = Release|Win32
		{936C5B6A-3A89-35CB-B8D5-DF65B1E4753C}.Debug|x64.ActiveCfg = Debug|Win32
		{936C5B6A-3A89-35CB-B8D5-DF65B1E4753C}.Debug|x86.ActiveCfg = Debug|Win32
		{936C5B6A-3A89-35CB-B8D5-DF65B1E4753C}.Debug|x86.Build.0 = Debug|Win32
		{936C5B6A-3A89-35CB-B8D5-DF65B1E4753C}.Release|x64.ActiveCfg = Release|Win32
		{936C5B6A-3A89-35CB-B8D5-DF65B1E4753C}.Release|x86.ActiveCfg = Release|Win32
		{936C5B6A-3A89-35CB-B8D5-DF65B1E4753C}.Release|x86.Build.0 = Release|Win32
		{E45A7A2F-CA57-3412-93E6-802CF006C8AA}.Debug|x64.ActiveCfg = Debug|Win32
		{E45A7A2F-CA57-3412-93E6-802CF006C8AA}.Debug|x86.ActiveCfg = Debug|Win32
		{E45A7A2F-CA57-3412-93E6-802CF006C8AA}.Debug|x86.Build.0 = Debug|Win32
		{E45A7A2F-CA57-3412-93E6-802CF006C8AA}.Release|x64.ActiveCfg = Release|Win32
		{E45A7A2F-CA57-3412-93E6-802CF006C8AA}.Release|x86.ActiveCfg = Release|Win32
		{E45A7A2F-CA57-3412-93E6-802CF006C8AA}.Release|x86.Build.0 = Release|Win32
		{AB4E3508-031B-379B-ACA1-D19D0E7AD17B}.Debug|x64.ActiveCfg = Debug|Win32
		{AB4E3508-031B-379B-ACA1-D19D0E7AD17B}.Debug|x86.ActiveCfg = Debug|Win32
		{AB4E3508-031B-379B-ACA1-D19D0E7AD17B}.Debug|x86.Build.0 = Debug|Win32
		{AB4E3508-031B-379B-ACA1-D19D0E7AD17B}.Release|x64.ActiveCfg = Release|Win32
		{AB4E3508-031B-379B-ACA1-D19D0E7AD17B}.Release|x86.ActiveCfg = Release|Win32
		{AB4E3508-031B-379B-ACA1-D19D0E7AD17B}.Release|x86.Build.0 = Release|Win32
		{0E587B18-5CBE-31C2-BBD7-38C39B3802DC}.Debug|x64.ActiveCfg = Debug|Win32
		{0E587B18-5CBE-31C2-BBD7-38C39B3802DC}.Debug|x86.ActiveCfg = Debug|Win32
		{0E587B18-5CBE-31C2-BBD7-38C39B3802DC}.Debug|x86.Build.0 = Debug|Win32
		{0E587B18-5CBE-31C2-BBD7-38C39B3802DC}.Release|x64.ActiveCfg = Release|Win32
		{0E587B18-5CBE-31C2-BBD7-38C39B3802DC}.Release|x86.ActiveCfg = Release|Win32
		{0E587B18-5CBE-31C2-BBD7-38C39B3802DC}.Release|x86.Build.0 = Release|Win32
		{D05A5DF8-8476-31EA-8789-99BACB75BBE1}.Debug|x64.ActiveCfg = Debug|Win32
		{D05A5DF8-8476-31EA-8789-99BACB75BBE1}.Debug|x86.ActiveCfg = Debug|Win32
		{D05A5DF8-8476-31EA-8789-99BACB75BBE1}.Debug|x86.Build.0 = Debug|Win32
		{D05A5DF8-8476-31EA-8789-99BACB75BBE1}.Release|x64.ActiveCfg = Release|Win32
		{D05A5DF8-8476-31EA-8789-99BACB75BBE1}.Release|x86.ActiveCfg = Release|Win32
		{D05A5DF8-8476-31EA-8789-99BACB75BBE1}.Release|x86.Build.0 = Release|Win32
		{B2BFDB55-D040-373C-9336-BE620413A48F}.Debug|x64.ActiveCfg = Debug|Win32
		{B2BFDB55-D040-373C-9336-BE620413A48F}.Debug|x86.ActiveCfg = Debug|Win32
		{B2BFDB55-D040-373C-9336-BE620413A48F}.Debug|x86.Build.0 = Debug|Win32
		{B2BFDB55-D040-373C-9336-BE620413A48F}.Release|x64.ActiveCfg = Release|Win32
		{B2BFDB55-D040-373C-9336-BE620413A48F}.Release|x86.ActiveCfg = Release|Win32
		{B2BFDB55-D040-373C-9336-BE620413A48F}.Release|x86.Build.0 = Release|Win32
		{664E6F0D-6784-4760-9565-D54F8EB1EDF4}.Debug|x64.ActiveCfg = Debug|x64
		{664E6F0D-6784-4760-9565-D54F8EB1EDF4}.Debug|x64.Build.0 = Debug|x64
		{664E6F0D-6784-4760-9565-D54F8EB1EDF4}.Debug|x86.ActiveCfg = Debug|Win32
		{664E6F0D-6784-4760-9565-D54F8EB1EDF4}.Debug|x86.Build.0 = Debug|Win32
		{664E6F0D-6784-4760-9565-D54F8EB1EDF4}.Release|x64.ActiveCfg = Release|x64
		{664E6F0D-6784-4760-9565-D54F8EB1EDF4}.Release|x64.Build.0 = Release|x64
		{664E6F0D-6784-4760-9565-D54F8EB1EDF4}.Release|x86.ActiveCfg = Release|Win32
		{664E6F0D-6784-4760-9565-D54F8EB1EDF4}.Release|x86.Build.0 = Release|Win32
		{39163E21-D147-32A6-948B-5002B8B569B8}.Debug|x64.ActiveCfg = Debug|Win32
		{39163E21-D147-32A6-948B-5002B8B569B8}.Debug|x86.ActiveCfg = Debug|Win32
		{39163E21-D147-32A6-948B-5002B8B569B8}.Debug|x86.Build.0 = Debug|Win32
		{39163E21-D147-32A6-948B-5002B8B569B8}.Release|x64.ActiveCfg = Release|Win32
		{39163E21-D147-32A6-948B-5002B8B569B8}.Release|x86.ActiveCfg = Release|Win32
		{39163E21-D147-32A6-948B-5002B8B569B8}.Release|x86.Build.0 = Release|Win32
		{F83A04F7-EAA5-4D73-A1F5-A4D8ABEA6155}.Debug|x64.ActiveCfg = Debug|Win32
		{F83A04F7-EAA5-4D73-A1F5-A4D8ABEA6155}.Debug|x86.ActiveCfg = Debug|Win32
		{F83A04F7-EAA5-4D73-A1F5-A4D8ABEA6155}.Debug|x86.Build.0 = Debug|Win32
		{F83A04F7-EAA5-4D73-A1F5-A4D8ABEA6155}.Release|x64.ActiveCfg = Release|Win32
		{F83A04F7-EAA5-4D73-A1F5-A4D8ABEA6155}.Release|x86.ActiveCfg = Release|Win32
		{F83A04F7-EAA5-4D73-A1F5-A4D8ABEA6155}.Release|x86.Build.0 = Release|Win32
	EndGlobalSection
	GlobalSection(SolutionProperties) = preSolution
		HideSolutionNode = FALSE
	EndGlobalSection
	GlobalSection(NestedProjects) = preSolution
		{936C5B6A-3A89-35CB-B8D5-DF65B1E4753C} = {628F12E8-4185-404F-AEE3-0EF6627E1FD6}
		{E45A7A2F-CA57-3412-93E6-802CF006C8AA} = {628F12E8-4185-404F-AEE3-0EF6627E1FD6}
		{AB4E3508-031B-379B-ACA1-D19D0E7AD17B} = {628F12E8-4185-404F-AEE3-0EF6627E1FD6}
		{0E587B18-5CBE-31C2-BBD7-38C39B3802DC} = {628F12E8-4185-404F-AEE3-0EF6627E1FD6}
		{D05A5DF8-8476-31EA-8789-99BACB75BBE1} = {628F12E8-4185-404F-AEE3-0EF6627E1FD6}
		{B2BFDB55-D040-373C-9336-BE620413A48F} = {628F12E8-4185-404F-AEE3-0EF6627E1FD6}
		{664E6F0D-6784-4760-9565-D54F8EB1EDF4} = {2F61CDE1-C64E-42D6-8667-902AEE23F3B0}
		{39163E21-D147-32A6-948B-5002B8B569B8} = {2F61CDE1-C64E-42D6-8667-902AEE23F3B0}
		{F83A04F7-EAA5-4D73-A1F5-A4D8ABEA6155} = {12DEBADA-92E7-4436-84F9-0B1AB7AEE5E1}
	EndGlobalSection
EndGlobal
