
Microsoft Visual Studio Solution File, Format Version 12.00
# Visual Studio 14
VisualStudioVersion = 14.0.25420.1
MinimumVisualStudioVersion = 10.0.40219.1
Project("{8BC9CEB8-8B4A-11D0-8D11-00A0C91BC942}") = "lifeEngine", "lifeEngine\lifeEngine.vcxproj", "{5340812B-9A30-42A2-808C-ECFC14188A86}"
	ProjectSection(ProjectDependencies) = postProject
		{AB4E3508-031B-379B-ACA1-D19D0E7AD17B} = {AB4E3508-031B-379B-ACA1-D19D0E7AD17B}
		{664E6F0D-6784-4760-9565-D54F8EB1EDF4} = {664E6F0D-6784-4760-9565-D54F8EB1EDF4}
		{0E587B18-5CBE-31C2-BBD7-38C39B3802DC} = {0E587B18-5CBE-31C2-BBD7-38C39B3802DC}
		{39163E21-D147-32A6-948B-5002B8B569B8} = {39163E21-D147-32A6-948B-5002B8B569B8}
		{E45A7A2F-CA57-3412-93E6-802CF006C8AA} = {E45A7A2F-CA57-3412-93E6-802CF006C8AA}
		{B2BFDB55-D040-373C-9336-BE620413A48F} = {B2BFDB55-D040-373C-9336-BE620413A48F}
		{9D454C64-2621-3208-B665-C2DFB4186447} = {9D454C64-2621-3208-B665-C2DFB4186447}
		{936C5B6A-3A89-35CB-B8D5-DF65B1E4753C} = {936C5B6A-3A89-35CB-B8D5-DF65B1E4753C}
		{E40D176E-74E1-4186-B58E-ADBDB336FD0F} = {E40D176E-74E1-4186-B58E-ADBDB336FD0F}
		{A3D5587D-AE95-3222-B306-D6F52236B70D} = {A3D5587D-AE95-3222-B306-D6F52236B70D}
		{DDCB78D9-0156-3205-BE30-1FB604D4A4DA} = {DDCB78D9-0156-3205-BE30-1FB604D4A4DA}
		{F83A04F7-EAA5-4D73-A1F5-A4D8ABEA6155} = {F83A04F7-EAA5-4D73-A1F5-A4D8ABEA6155}
		{D05A5DF8-8476-31EA-8789-99BACB75BBE1} = {D05A5DF8-8476-31EA-8789-99BACB75BBE1}
	EndProjectSection
EndProject
Project("{8BC9CEB8-8B4A-11D0-8D11-00A0C91BC942}") = "glew_static", "lifeEngine\Utils\OpenGL\glew\build\vc12\glew_static.vcxproj", "{664E6F0D-6784-4760-9565-D54F8EB1EDF4}"
EndProject
Project("{8BC9CEB8-8B4A-11D0-8D11-00A0C91BC942}") = "Box2D", "lifeEngine\Utils\Box2D\Box2D.vcxproj", "{E40D176E-74E1-4186-B58E-ADBDB336FD0F}"
EndProject
Project("{8BC9CEB8-8B4A-11D0-8D11-00A0C91BC942}") = "XML", "lifeEngine\Utils\XML\XML.vcxproj", "{F83A04F7-EAA5-4D73-A1F5-A4D8ABEA6155}"
EndProject
Project("{8BC9CEB8-8B4A-11D0-8D11-00A0C91BC942}") = "BulletCollision", "lifeEngine\Utils\Bullet\src\BulletCollision\BulletCollision.vcxproj", "{A3D5587D-AE95-3222-B306-D6F52236B70D}"
EndProject
Project("{8BC9CEB8-8B4A-11D0-8D11-00A0C91BC942}") = "BulletDynamics", "lifeEngine\Utils\Bullet\src\BulletDynamics\BulletDynamics.vcxproj", "{9D454C64-2621-3208-B665-C2DFB4186447}"
EndProject
Project("{8BC9CEB8-8B4A-11D0-8D11-00A0C91BC942}") = "LinearMath", "lifeEngine\Utils\Bullet\src\LinearMath\LinearMath.vcxproj", "{DDCB78D9-0156-3205-BE30-1FB604D4A4DA}"
EndProject
Project("{8BC9CEB8-8B4A-11D0-8D11-00A0C91BC942}") = "glm", "lifeEngine\Utils\OpenGL\glm\glm\glm_static.vcxproj", "{39163E21-D147-32A6-948B-5002B8B569B8}"
EndProject
Project("{2150E333-8FDC-42A3-9474-1A3956D46DE8}") = "Physic", "Physic", "{6E2E2C30-9E2C-4F25-9857-F81A310B9584}"
EndProject
Project("{2150E333-8FDC-42A3-9474-1A3956D46DE8}") = "3D", "3D", "{35FDA5FF-DAD5-4CF7-B724-F041D91E6E16}"
EndProject
Project("{2150E333-8FDC-42A3-9474-1A3956D46DE8}") = "OpenGL", "OpenGL", "{E583D2A6-7311-4049-8BB1-D286E988DC7B}"
EndProject
Project("{2150E333-8FDC-42A3-9474-1A3956D46DE8}") = "Utils", "Utils", "{E817E0F5-FD80-481D-8743-C71217A2567B}"
EndProject
Project("{2150E333-8FDC-42A3-9474-1A3956D46DE8}") = "SFML", "SFML", "{AC56EF77-7637-40F5-AA5B-31337BADAE13}"
EndProject
Project("{8BC9CEB8-8B4A-11D0-8D11-00A0C91BC942}") = "sfml-audio", "lifeEngine\Utils\SFML\src\SFML\Audio\sfml-audio.vcxproj", "{936C5B6A-3A89-35CB-B8D5-DF65B1E4753C}"
EndProject
Project("{8BC9CEB8-8B4A-11D0-8D11-00A0C91BC942}") = "sfml-graphics", "lifeEngine\Utils\SFML\src\SFML\Graphics\sfml-graphics.vcxproj", "{E45A7A2F-CA57-3412-93E6-802CF006C8AA}"
EndProject
Project("{8BC9CEB8-8B4A-11D0-8D11-00A0C91BC942}") = "sfml-main", "lifeEngine\Utils\SFML\src\SFML\Main\sfml-main.vcxproj", "{AB4E3508-031B-379B-ACA1-D19D0E7AD17B}"
EndProject
Project("{8BC9CEB8-8B4A-11D0-8D11-00A0C91BC942}") = "sfml-network", "lifeEngine\Utils\SFML\src\SFML\Network\sfml-network.vcxproj", "{0E587B18-5CBE-31C2-BBD7-38C39B3802DC}"
EndProject
Project("{8BC9CEB8-8B4A-11D0-8D11-00A0C91BC942}") = "sfml-system", "lifeEngine\Utils\SFML\src\SFML\System\sfml-system.vcxproj", "{D05A5DF8-8476-31EA-8789-99BACB75BBE1}"
EndProject
Project("{8BC9CEB8-8B4A-11D0-8D11-00A0C91BC942}") = "sfml-window", "lifeEngine\Utils\SFML\src\SFML\Window\sfml-window.vcxproj", "{B2BFDB55-D040-373C-9336-BE620413A48F}"
EndProject
Project("{8BC9CEB8-8B4A-11D0-8D11-00A0C91BC942}") = "lifeEngine_TestBed", "testBed\lifeEngine_TestBed\lifeEngine_TestBed.vcxproj", "{42404B34-B691-4A06-B9FB-E38140A3F1EE}"
EndProject
Global
	GlobalSection(SolutionConfigurationPlatforms) = preSolution
		Debug|Win32 = Debug|Win32
		Debug|x64 = Debug|x64
		Release|Win32 = Release|Win32
		Release|x64 = Release|x64
	EndGlobalSection
	GlobalSection(ProjectConfigurationPlatforms) = postSolution
		{5340812B-9A30-42A2-808C-ECFC14188A86}.Debug|Win32.ActiveCfg = Debug|Win32
		{5340812B-9A30-42A2-808C-ECFC14188A86}.Debug|Win32.Build.0 = Debug|Win32
		{5340812B-9A30-42A2-808C-ECFC14188A86}.Debug|x64.ActiveCfg = Debug|Win32
		{5340812B-9A30-42A2-808C-ECFC14188A86}.Release|Win32.ActiveCfg = Release|Win32
		{5340812B-9A30-42A2-808C-ECFC14188A86}.Release|Win32.Build.0 = Release|Win32
		{5340812B-9A30-42A2-808C-ECFC14188A86}.Release|x64.ActiveCfg = Release|Win32
		{664E6F0D-6784-4760-9565-D54F8EB1EDF4}.Debug|Win32.ActiveCfg = Debug|Win32
		{664E6F0D-6784-4760-9565-D54F8EB1EDF4}.Debug|Win32.Build.0 = Debug|Win32
		{664E6F0D-6784-4760-9565-D54F8EB1EDF4}.Debug|x64.ActiveCfg = Debug|x64
		{664E6F0D-6784-4760-9565-D54F8EB1EDF4}.Debug|x64.Build.0 = Debug|x64
		{664E6F0D-6784-4760-9565-D54F8EB1EDF4}.Release|Win32.ActiveCfg = Release|Win32
		{664E6F0D-6784-4760-9565-D54F8EB1EDF4}.Release|Win32.Build.0 = Release|Win32
		{664E6F0D-6784-4760-9565-D54F8EB1EDF4}.Release|x64.ActiveCfg = Release|x64
		{664E6F0D-6784-4760-9565-D54F8EB1EDF4}.Release|x64.Build.0 = Release|x64
		{E40D176E-74E1-4186-B58E-ADBDB336FD0F}.Debug|Win32.ActiveCfg = Debug|Win32
		{E40D176E-74E1-4186-B58E-ADBDB336FD0F}.Debug|Win32.Build.0 = Debug|Win32
		{E40D176E-74E1-4186-B58E-ADBDB336FD0F}.Debug|x64.ActiveCfg = Debug|Win32
		{E40D176E-74E1-4186-B58E-ADBDB336FD0F}.Release|Win32.ActiveCfg = Release|Win32
		{E40D176E-74E1-4186-B58E-ADBDB336FD0F}.Release|Win32.Build.0 = Release|Win32
		{E40D176E-74E1-4186-B58E-ADBDB336FD0F}.Release|x64.ActiveCfg = Release|Win32
		{F83A04F7-EAA5-4D73-A1F5-A4D8ABEA6155}.Debug|Win32.ActiveCfg = Debug|Win32
		{F83A04F7-EAA5-4D73-A1F5-A4D8ABEA6155}.Debug|Win32.Build.0 = Debug|Win32
		{F83A04F7-EAA5-4D73-A1F5-A4D8ABEA6155}.Debug|x64.ActiveCfg = Debug|Win32
		{F83A04F7-EAA5-4D73-A1F5-A4D8ABEA6155}.Release|Win32.ActiveCfg = Release|Win32
		{F83A04F7-EAA5-4D73-A1F5-A4D8ABEA6155}.Release|Win32.Build.0 = Release|Win32
		{F83A04F7-EAA5-4D73-A1F5-A4D8ABEA6155}.Release|x64.ActiveCfg = Release|Win32
		{A3D5587D-AE95-3222-B306-D6F52236B70D}.Debug|Win32.ActiveCfg = Debug|Win32
		{A3D5587D-AE95-3222-B306-D6F52236B70D}.Debug|Win32.Build.0 = Debug|Win32
		{A3D5587D-AE95-3222-B306-D6F52236B70D}.Debug|x64.ActiveCfg = Debug|Win32
		{A3D5587D-AE95-3222-B306-D6F52236B70D}.Release|Win32.ActiveCfg = Release|Win32
		{A3D5587D-AE95-3222-B306-D6F52236B70D}.Release|Win32.Build.0 = Release|Win32
		{A3D5587D-AE95-3222-B306-D6F52236B70D}.Release|x64.ActiveCfg = Release|Win32
		{9D454C64-2621-3208-B665-C2DFB4186447}.Debug|Win32.ActiveCfg = Debug|Win32
		{9D454C64-2621-3208-B665-C2DFB4186447}.Debug|Win32.Build.0 = Debug|Win32
		{9D454C64-2621-3208-B665-C2DFB4186447}.Debug|x64.ActiveCfg = Debug|Win32
		{9D454C64-2621-3208-B665-C2DFB4186447}.Release|Win32.ActiveCfg = Release|Win32
		{9D454C64-2621-3208-B665-C2DFB4186447}.Release|Win32.Build.0 = Release|Win32
		{9D454C64-2621-3208-B665-C2DFB4186447}.Release|x64.ActiveCfg = Release|Win32
		{DDCB78D9-0156-3205-BE30-1FB604D4A4DA}.Debug|Win32.ActiveCfg = Debug|Win32
		{DDCB78D9-0156-3205-BE30-1FB604D4A4DA}.Debug|Win32.Build.0 = Debug|Win32
		{DDCB78D9-0156-3205-BE30-1FB604D4A4DA}.Debug|x64.ActiveCfg = Debug|Win32
		{DDCB78D9-0156-3205-BE30-1FB604D4A4DA}.Release|Win32.ActiveCfg = Release|Win32
		{DDCB78D9-0156-3205-BE30-1FB604D4A4DA}.Release|Win32.Build.0 = Release|Win32
		{DDCB78D9-0156-3205-BE30-1FB604D4A4DA}.Release|x64.ActiveCfg = Release|Win32
		{39163E21-D147-32A6-948B-5002B8B569B8}.Debug|Win32.ActiveCfg = Debug|Win32
		{39163E21-D147-32A6-948B-5002B8B569B8}.Debug|Win32.Build.0 = Debug|Win32
		{39163E21-D147-32A6-948B-5002B8B569B8}.Debug|x64.ActiveCfg = Debug|Win32
		{39163E21-D147-32A6-948B-5002B8B569B8}.Release|Win32.ActiveCfg = Release|Win32
		{39163E21-D147-32A6-948B-5002B8B569B8}.Release|Win32.Build.0 = Release|Win32
		{39163E21-D147-32A6-948B-5002B8B569B8}.Release|x64.ActiveCfg = Release|Win32
		{936C5B6A-3A89-35CB-B8D5-DF65B1E4753C}.Debug|Win32.ActiveCfg = Debug|Win32
		{936C5B6A-3A89-35CB-B8D5-DF65B1E4753C}.Debug|Win32.Build.0 = Debug|Win32
		{936C5B6A-3A89-35CB-B8D5-DF65B1E4753C}.Debug|x64.ActiveCfg = Debug|Win32
		{936C5B6A-3A89-35CB-B8D5-DF65B1E4753C}.Release|Win32.ActiveCfg = Release|Win32
		{936C5B6A-3A89-35CB-B8D5-DF65B1E4753C}.Release|Win32.Build.0 = Release|Win32
		{936C5B6A-3A89-35CB-B8D5-DF65B1E4753C}.Release|x64.ActiveCfg = Release|Win32
		{E45A7A2F-CA57-3412-93E6-802CF006C8AA}.Debug|Win32.ActiveCfg = Debug|Win32
		{E45A7A2F-CA57-3412-93E6-802CF006C8AA}.Debug|Win32.Build.0 = Debug|Win32
		{E45A7A2F-CA57-3412-93E6-802CF006C8AA}.Debug|x64.ActiveCfg = Debug|Win32
		{E45A7A2F-CA57-3412-93E6-802CF006C8AA}.Release|Win32.ActiveCfg = Release|Win32
		{E45A7A2F-CA57-3412-93E6-802CF006C8AA}.Release|Win32.Build.0 = Release|Win32
		{E45A7A2F-CA57-3412-93E6-802CF006C8AA}.Release|x64.ActiveCfg = Release|Win32
		{AB4E3508-031B-379B-ACA1-D19D0E7AD17B}.Debug|Win32.ActiveCfg = Debug|Win32
		{AB4E3508-031B-379B-ACA1-D19D0E7AD17B}.Debug|Win32.Build.0 = Debug|Win32
		{AB4E3508-031B-379B-ACA1-D19D0E7AD17B}.Debug|x64.ActiveCfg = Debug|Win32
		{AB4E3508-031B-379B-ACA1-D19D0E7AD17B}.Release|Win32.ActiveCfg = Release|Win32
		{AB4E3508-031B-379B-ACA1-D19D0E7AD17B}.Release|Win32.Build.0 = Release|Win32
		{AB4E3508-031B-379B-ACA1-D19D0E7AD17B}.Release|x64.ActiveCfg = Release|Win32
		{0E587B18-5CBE-31C2-BBD7-38C39B3802DC}.Debug|Win32.ActiveCfg = Debug|Win32
		{0E587B18-5CBE-31C2-BBD7-38C39B3802DC}.Debug|Win32.Build.0 = Debug|Win32
		{0E587B18-5CBE-31C2-BBD7-38C39B3802DC}.Debug|x64.ActiveCfg = Debug|Win32
		{0E587B18-5CBE-31C2-BBD7-38C39B3802DC}.Release|Win32.ActiveCfg = Release|Win32
		{0E587B18-5CBE-31C2-BBD7-38C39B3802DC}.Release|Win32.Build.0 = Release|Win32
		{0E587B18-5CBE-31C2-BBD7-38C39B3802DC}.Release|x64.ActiveCfg = Release|Win32
		{D05A5DF8-8476-31EA-8789-99BACB75BBE1}.Debug|Win32.ActiveCfg = Debug|Win32
		{D05A5DF8-8476-31EA-8789-99BACB75BBE1}.Debug|Win32.Build.0 = Debug|Win32
		{D05A5DF8-8476-31EA-8789-99BACB75BBE1}.Debug|x64.ActiveCfg = Debug|Win32
		{D05A5DF8-8476-31EA-8789-99BACB75BBE1}.Release|Win32.ActiveCfg = Release|Win32
		{D05A5DF8-8476-31EA-8789-99BACB75BBE1}.Release|Win32.Build.0 = Release|Win32
		{D05A5DF8-8476-31EA-8789-99BACB75BBE1}.Release|x64.ActiveCfg = Release|Win32
		{B2BFDB55-D040-373C-9336-BE620413A48F}.Debug|Win32.ActiveCfg = Debug|Win32
		{B2BFDB55-D040-373C-9336-BE620413A48F}.Debug|Win32.Build.0 = Debug|Win32
		{B2BFDB55-D040-373C-9336-BE620413A48F}.Debug|x64.ActiveCfg = Debug|Win32
		{B2BFDB55-D040-373C-9336-BE620413A48F}.Release|Win32.ActiveCfg = Release|Win32
		{B2BFDB55-D040-373C-9336-BE620413A48F}.Release|Win32.Build.0 = Release|Win32
		{B2BFDB55-D040-373C-9336-BE620413A48F}.Release|x64.ActiveCfg = Release|Win32
		{42404B34-B691-4A06-B9FB-E38140A3F1EE}.Debug|Win32.ActiveCfg = Debug|Win32
		{42404B34-B691-4A06-B9FB-E38140A3F1EE}.Debug|Win32.Build.0 = Debug|Win32
		{42404B34-B691-4A06-B9FB-E38140A3F1EE}.Debug|x64.ActiveCfg = Debug|Win32
		{42404B34-B691-4A06-B9FB-E38140A3F1EE}.Release|Win32.ActiveCfg = Release|Win32
		{42404B34-B691-4A06-B9FB-E38140A3F1EE}.Release|Win32.Build.0 = Release|Win32
		{42404B34-B691-4A06-B9FB-E38140A3F1EE}.Release|x64.ActiveCfg = Release|Win32
	EndGlobalSection
	GlobalSection(SolutionProperties) = preSolution
		HideSolutionNode = FALSE
	EndGlobalSection
	GlobalSection(NestedProjects) = preSolution
		{664E6F0D-6784-4760-9565-D54F8EB1EDF4} = {E583D2A6-7311-4049-8BB1-D286E988DC7B}
		{E40D176E-74E1-4186-B58E-ADBDB336FD0F} = {6E2E2C30-9E2C-4F25-9857-F81A310B9584}
		{F83A04F7-EAA5-4D73-A1F5-A4D8ABEA6155} = {E817E0F5-FD80-481D-8743-C71217A2567B}
		{A3D5587D-AE95-3222-B306-D6F52236B70D} = {35FDA5FF-DAD5-4CF7-B724-F041D91E6E16}
		{9D454C64-2621-3208-B665-C2DFB4186447} = {35FDA5FF-DAD5-4CF7-B724-F041D91E6E16}
		{DDCB78D9-0156-3205-BE30-1FB604D4A4DA} = {35FDA5FF-DAD5-4CF7-B724-F041D91E6E16}
		{39163E21-D147-32A6-948B-5002B8B569B8} = {E583D2A6-7311-4049-8BB1-D286E988DC7B}
		{35FDA5FF-DAD5-4CF7-B724-F041D91E6E16} = {6E2E2C30-9E2C-4F25-9857-F81A310B9584}
		{936C5B6A-3A89-35CB-B8D5-DF65B1E4753C} = {AC56EF77-7637-40F5-AA5B-31337BADAE13}
		{E45A7A2F-CA57-3412-93E6-802CF006C8AA} = {AC56EF77-7637-40F5-AA5B-31337BADAE13}
		{AB4E3508-031B-379B-ACA1-D19D0E7AD17B} = {AC56EF77-7637-40F5-AA5B-31337BADAE13}
		{0E587B18-5CBE-31C2-BBD7-38C39B3802DC} = {AC56EF77-7637-40F5-AA5B-31337BADAE13}
		{D05A5DF8-8476-31EA-8789-99BACB75BBE1} = {AC56EF77-7637-40F5-AA5B-31337BADAE13}
		{B2BFDB55-D040-373C-9336-BE620413A48F} = {AC56EF77-7637-40F5-AA5B-31337BADAE13}
	EndGlobalSection
EndGlobal
