<?xml version="1.0" encoding="utf-8"?>
<Project ToolsVersion="12.0" xmlns="http://schemas.microsoft.com/developer/msbuild/2003">
  <ItemGroup>
    <ClCompile Include="ALCheck.cpp" />
    <ClCompile Include="AlResource.cpp" />
    <ClCompile Include="AudioDevice.cpp" />
    <ClCompile Include="Listener.cpp" />
    <ClCompile Include="Music.cpp" />
    <ClCompile Include="Sound.cpp" />
    <ClCompile Include="SoundBuffer.cpp" />
    <ClCompile Include="SoundBufferRecorder.cpp" />
    <ClCompile Include="InputSoundFile.cpp" />
    <ClCompile Include="OutputSoundFile.cpp" />
    <ClCompile Include="SoundRecorder.cpp" />
    <ClCompile Include="SoundSource.cpp" />
    <ClCompile Include="SoundStream.cpp" />
    <ClCompile Include="SoundFileFactory.cpp" />
    <ClCompile Include="SoundFileReaderFlac.cpp" />
    <ClCompile Include="SoundFileReaderOgg.cpp" />
    <ClCompile Include="SoundFileReaderWav.cpp" />
    <ClCompile Include="SoundFileWriterFlac.cpp" />
    <ClCompile Include="SoundFileWriterOgg.cpp" />
    <ClCompile Include="SoundFileWriterWav.cpp" />
  </ItemGroup>
  <ItemGroup>
    <ClInclude Include="ALCheck.hpp" />
    <ClInclude Include="..\..\..\\include\SFML\Audio\AlResource.hpp" />
    <ClInclude Include="AudioDevice.hpp" />
    <ClInclude Include="..\..\..\\include\SFML\Audio\Export.hpp" />
    <ClInclude Include="..\..\..\\include\SFML\Audio\Listener.hpp" />
    <ClInclude Include="..\..\..\\include\SFML\Audio\Music.hpp" />
    <ClInclude Include="..\..\..\\include\SFML\Audio\Sound.hpp" />
    <ClInclude Include="..\..\..\\include\SFML\Audio\SoundBuffer.hpp" />
    <ClInclude Include="..\..\..\\include\SFML\Audio\SoundBufferRecorder.hpp" />
    <ClInclude Include="..\..\..\\include\SFML\Audio\InputSoundFile.hpp" />
    <ClInclude Include="..\..\..\\include\SFML\Audio\OutputSoundFile.hpp" />
    <ClInclude Include="..\..\..\\include\SFML\Audio\SoundRecorder.hpp" />
    <ClInclude Include="..\..\..\\include\SFML\Audio\SoundSource.hpp" />
    <ClInclude Include="..\..\..\\include\SFML\Audio\SoundStream.hpp" />
    <ClInclude Include="..\..\..\\include\SFML\Audio\SoundFileFactory.hpp" />
    <ClInclude Include="..\..\..\\include\SFML\Audio\SoundFileFactory.inl" />
    <ClInclude Include="..\..\..\\include\SFML\Audio\SoundFileReader.hpp" />
    <ClInclude Include="SoundFileReaderFlac.hpp" />
    <ClInclude Include="SoundFileReaderOgg.hpp" />
    <ClInclude Include="SoundFileReaderWav.hpp" />
    <ClInclude Include="..\..\..\\include\SFML\Audio\SoundFileWriter.hpp" />
    <ClInclude Include="SoundFileWriterFlac.hpp" />
    <ClInclude Include="SoundFileWriterOgg.hpp" />
    <ClInclude Include="SoundFileWriterWav.hpp" />
  </ItemGroup>
  <ItemGroup>
    <Filter Include="codecs">
      <UniqueIdentifier>{AD9A7ED9-1D61-3C97-BEDD-28E0D609294F}</UniqueIdentifier>
    </Filter>
  </ItemGroup>
</Project>