<?xml version="1.0" encoding="utf-8"?>
<Project ToolsVersion="4.0" xmlns="http://schemas.microsoft.com/developer/msbuild/2003">
  <ItemGroup>
    <Filter Include="System">
      <UniqueIdentifier>{9263d24f-16f4-40f1-949a-94fb9ea84dc7}</UniqueIdentifier>
    </Filter>
    <Filter Include="Graphics">
      <UniqueIdentifier>{79dd348b-e023-4fe6-9734-c1212bd21fdd}</UniqueIdentifier>
    </Filter>
    <Filter Include="Graphics\Light">
      <UniqueIdentifier>{165f687e-0927-409c-a8ad-26cc4abf98c7}</UniqueIdentifier>
    </Filter>
    <Filter Include="Graphics\Bounding Volume">
      <UniqueIdentifier>{e63ce104-1ab4-42c1-8cc7-9e2caef8382b}</UniqueIdentifier>
    </Filter>
    <Filter Include="Graphics\Models">
      <UniqueIdentifier>{8e3a00a5-1697-4309-8d32-00dfe0003f59}</UniqueIdentifier>
    </Filter>
    <Filter Include="System\OpenGL">
      <UniqueIdentifier>{423e96e0-e1bc-4894-a0fc-e03c0eac5359}</UniqueIdentifier>
    </Filter>
    <Filter Include="Graphics\Level">
      <UniqueIdentifier>{71af3d95-ecbe-406f-810e-cd11f7b2e227}</UniqueIdentifier>
    </Filter>
  </ItemGroup>
  <ItemGroup>
    <ClCompile Include="System\src\System.cpp">
      <Filter>System</Filter>
    </ClCompile>
    <ClCompile Include="System\src\BasicApplication.cpp">
      <Filter>System</Filter>
    </ClCompile>
    <ClCompile Include="System\src\ConfigFile.cpp">
      <Filter>System</Filter>
    </ClCompile>
    <ClCompile Include="System\src\Configuration.cpp">
      <Filter>System</Filter>
    </ClCompile>
    <ClCompile Include="System\src\Logger.cpp">
      <Filter>System</Filter>
    </ClCompile>
    <ClCompile Include="System\src\ResourcesManager.cpp">
      <Filter>System</Filter>
    </ClCompile>
    <ClCompile Include="Graphics\src\Scene.cpp">
      <Filter>Graphics</Filter>
    </ClCompile>
    <ClCompile Include="Graphics\src\Camera.cpp">
      <Filter>Graphics</Filter>
    </ClCompile>
    <ClCompile Include="Graphics\src\Frustum.cpp">
      <Filter>Graphics</Filter>
    </ClCompile>
    <ClCompile Include="Graphics\src\BoundingBox.cpp">
      <Filter>Graphics\Bounding Volume</Filter>
    </ClCompile>
    <ClCompile Include="Graphics\src\BoundingSphere.cpp">
      <Filter>Graphics\Bounding Volume</Filter>
    </ClCompile>
    <ClCompile Include="Graphics\src\BaseLight.cpp">
      <Filter>Graphics\Light</Filter>
    </ClCompile>
    <ClCompile Include="Graphics\src\DirectionalLight.cpp">
      <Filter>Graphics\Light</Filter>
    </ClCompile>
    <ClCompile Include="Graphics\src\LightManager.cpp">
      <Filter>Graphics\Light</Filter>
    </ClCompile>
    <ClCompile Include="Graphics\src\PointLight.cpp">
      <Filter>Graphics\Light</Filter>
    </ClCompile>
    <ClCompile Include="Graphics\src\SpotLight.cpp">
      <Filter>Graphics\Light</Filter>
    </ClCompile>
    <ClCompile Include="Graphics\src\Animation.cpp">
      <Filter>Graphics\Models</Filter>
    </ClCompile>
    <ClCompile Include="Graphics\src\AnimationManager.cpp">
      <Filter>Graphics\Models</Filter>
    </ClCompile>
    <ClCompile Include="Graphics\src\Model.cpp">
      <Filter>Graphics\Models</Filter>
    </ClCompile>
    <ClCompile Include="Graphics\src\MeshVertex.cpp">
      <Filter>Graphics\Models</Filter>
    </ClCompile>
    <ClCompile Include="Graphics\src\Mesh.cpp">
      <Filter>Graphics\Models</Filter>
    </ClCompile>
    <ClCompile Include="Graphics\src\Skeleton.cpp">
      <Filter>Graphics\Models</Filter>
    </ClCompile>
    <ClCompile Include="System\src\GBuffer.cpp">
      <Filter>System\OpenGL</Filter>
    </ClCompile>
    <ClCompile Include="System\src\Query.cpp">
      <Filter>System\OpenGL</Filter>
    </ClCompile>
    <ClCompile Include="System\src\VAO.cpp">
      <Filter>System\OpenGL</Filter>
    </ClCompile>
    <ClCompile Include="Graphics\src\LightQuad.cpp">
      <Filter>Graphics\Light</Filter>
    </ClCompile>
    <ClCompile Include="Graphics\src\LightCone.cpp">
      <Filter>Graphics\Light</Filter>
    </ClCompile>
    <ClCompile Include="Graphics\src\Level.cpp">
      <Filter>Graphics\Level</Filter>
    </ClCompile>
    <ClCompile Include="Graphics\src\Entity.cpp">
      <Filter>Graphics\Level</Filter>
    </ClCompile>
    <ClCompile Include="Graphics\src\Skybox.cpp">
      <Filter>Graphics\Level</Filter>
    </ClCompile>
    <ClCompile Include="System\src\Bitset.cpp">
      <Filter>System</Filter>
    </ClCompile>
    <ClCompile Include="System\src\ShaderManager.cpp">
      <Filter>System</Filter>
    </ClCompile>
  </ItemGroup>
  <ItemGroup>
    <ClInclude Include="System\System.h">
      <Filter>System</Filter>
    </ClInclude>
    <ClInclude Include="DllGlobal.h" />
    <ClInclude Include="System\BasicApplication.h">
      <Filter>System</Filter>
    </ClInclude>
    <ClInclude Include="System\Configuration.h">
      <Filter>System</Filter>
    </ClInclude>
    <ClInclude Include="System\ConfigFile.h">
      <Filter>System</Filter>
    </ClInclude>
    <ClInclude Include="System\Logger.h">
      <Filter>System</Filter>
    </ClInclude>
    <ClInclude Include="System\ResourcesManager.h">
      <Filter>System</Filter>
    </ClInclude>
    <ClInclude Include="Graphics\Scene.h">
      <Filter>Graphics</Filter>
    </ClInclude>
    <ClInclude Include="Graphics\Camera.h">
      <Filter>Graphics</Filter>
    </ClInclude>
    <ClInclude Include="Graphics\Frustum.h">
      <Filter>Graphics</Filter>
    </ClInclude>
    <ClInclude Include="Graphics\BoundingBox.h">
      <Filter>Graphics\Bounding Volume</Filter>
    </ClInclude>
    <ClInclude Include="Graphics\BoundingSphere.h">
      <Filter>Graphics\Bounding Volume</Filter>
    </ClInclude>
    <ClInclude Include="Graphics\BaseLight.h">
      <Filter>Graphics\Light</Filter>
    </ClInclude>
    <ClInclude Include="Graphics\DirectionalLight.h">
      <Filter>Graphics\Light</Filter>
    </ClInclude>
    <ClInclude Include="Graphics\LightManager.h">
      <Filter>Graphics\Light</Filter>
    </ClInclude>
    <ClInclude Include="Graphics\PointLight.h">
      <Filter>Graphics\Light</Filter>
    </ClInclude>
    <ClInclude Include="Graphics\SpotLight.h">
      <Filter>Graphics\Light</Filter>
    </ClInclude>
    <ClInclude Include="Graphics\Animation.h">
      <Filter>Graphics\Models</Filter>
    </ClInclude>
    <ClInclude Include="Graphics\AnimationManager.h">
      <Filter>Graphics\Models</Filter>
    </ClInclude>
    <ClInclude Include="Graphics\Model.h">
      <Filter>Graphics\Models</Filter>
    </ClInclude>
    <ClInclude Include="Graphics\MeshVertex.h">
      <Filter>Graphics\Models</Filter>
    </ClInclude>
    <ClInclude Include="Graphics\Mesh.h">
      <Filter>Graphics\Models</Filter>
    </ClInclude>
    <ClInclude Include="Graphics\Skeleton.h">
      <Filter>Graphics\Models</Filter>
    </ClInclude>
    <ClInclude Include="System\GBuffer.h">
      <Filter>System\OpenGL</Filter>
    </ClInclude>
    <ClInclude Include="System\Query.h">
      <Filter>System\OpenGL</Filter>
    </ClInclude>
    <ClInclude Include="System\VAO.h">
      <Filter>System\OpenGL</Filter>
    </ClInclude>
    <ClInclude Include="Graphics\LightQuad.h">
      <Filter>Graphics\Light</Filter>
    </ClInclude>
    <ClInclude Include="Graphics\LightCone.h">
      <Filter>Graphics\Light</Filter>
    </ClInclude>
    <ClInclude Include="Graphics\Level.h">
      <Filter>Graphics\Level</Filter>
    </ClInclude>
    <ClInclude Include="Graphics\Plane.h">
      <Filter>Graphics\Level</Filter>
    </ClInclude>
    <ClInclude Include="Graphics\Entity.h">
      <Filter>Graphics\Level</Filter>
    </ClInclude>
    <ClInclude Include="Graphics\Skybox.h">
      <Filter>Graphics\Level</Filter>
    </ClInclude>
    <ClInclude Include="System\Bitset.h">
      <Filter>System</Filter>
    </ClInclude>
    <ClInclude Include="System\ShaderManager.h">
      <Filter>System</Filter>
    </ClInclude>
  </ItemGroup>
</Project>