<?xml version="1.0" encoding="UTF-8"?>
<Project ToolsVersion="12.0" xmlns="http://schemas.microsoft.com/developer/msbuild/2003">
  <ItemGroup>
    <CustomBuild Include="C:\Users\Egor\Desktop\bullet3-2.86.1\CMakeFiles\673b280ab70507b66baab996c5f928f8\INSTALL_force.rule">
      <Filter>CMake Rules</Filter>
    </CustomBuild>
  </ItemGroup>
  <ItemGroup>
    <Filter Include="CMake Rules">
      <UniqueIdentifier>{D6149387-F303-36D7-9A67-431A99966AC9}</UniqueIdentifier>
    </Filter>
  </ItemGroup>
</Project>
