<?xml version="1.0" encoding="utf-8"?>
<Project ToolsVersion="4.0" xmlns="http://schemas.microsoft.com/developer/msbuild/2003">
  <ItemGroup>
    <ClCompile Include="lifeEngine.cpp" />
    <ClCompile Include="XML\tinystr.cpp">
      <Filter>XML</Filter>
    </ClCompile>
    <ClCompile Include="XML\tinyxml.cpp">
      <Filter>XML</Filter>
    </ClCompile>
    <ClCompile Include="XML\tinyxmlerror.cpp">
      <Filter>XML</Filter>
    </ClCompile>
    <ClCompile Include="XML\tinyxmlparser.cpp">
      <Filter>XML</Filter>
    </ClCompile>
    <ClCompile Include="lifeEngine\MouseCursor.cpp" />
    <ClCompile Include="lifeEngine\System.cpp" />
    <ClCompile Include="lifeEngine\TextManager.cpp" />
    <ClCompile Include="lifeEngine\ButtonManager.cpp" />
    <ClCompile Include="lifeEngine\Button.cpp" />
  </ItemGroup>
  <ItemGroup>
    <Filter Include="XML">
      <UniqueIdentifier>{3f239fbd-254d-469e-a0d4-2883b530c704}</UniqueIdentifier>
    </Filter>
  </ItemGroup>
  <ItemGroup>
    <ClInclude Include="XML\tinystr.h">
      <Filter>XML</Filter>
    </ClInclude>
    <ClInclude Include="XML\tinyxml.h">
      <Filter>XML</Filter>
    </ClInclude>
    <ClInclude Include="lifeEngine\BasicStageGame.h" />
    <ClInclude Include="lifeEngine\MouseCursor.h" />
    <ClInclude Include="lifeEngine\System.h" />
    <ClInclude Include="lifeEngine\TextManager.h" />
    <ClInclude Include="lifeEngine\ButtonManager.h" />
    <ClInclude Include="lifeEngine\Button.h" />
  </ItemGroup>
</Project>